{
  "meteor": {},
  "dependencies": {
    "basePackages": {
      "notifications": {},
      "user-status": {},
      "bootstrap-3": {},
      "accounts-ui-bootstrap-3": {},
      "bootboxjs": {}
    },
    "packages": {
      "notifications": {
        "git": "https://github.com/gfk-ba/meteor-notifications.git",
        "tag": "v0.4.8",
        "commit": "ed16633ce4996522907a41138b3ebc6134e15063"
      },
      "user-status": {
        "git": "https://github.com/mizzao/meteor-user-status.git",
        "tag": "v0.4.0",
        "commit": "e2a1c7a4075f28b87b361387688e083a4b047a08"
      },
      "bootstrap-3": {
        "git": "https://github.com/mangasocial/meteor-bootstrap-3.git",
        "tag": "v3.1.1-1",
        "commit": "63dd38968828bb8963636df93e9a1c45e2dfe67e"
      },
      "accounts-ui-bootstrap-3": {
        "git": "https://github.com/mangasocial/meteor-accounts-ui-bootstrap-3.git",
        "tag": "v0.3.0-1",
        "commit": "93ffa5d0e325dc7026de89f6d90c178fa04bdd3a"
      },
      "bootboxjs": {
        "git": "https://github.com/TimHeckel/meteor-bootboxjs.git",
        "tag": "v4.2.0",
        "commit": "2b7d18ad028d9e7b37238ecf2a8a7970735cebd1"
      },
      "timesync": {
        "git": "https://github.com/mizzao/meteor-timesync.git",
        "tag": "v0.1.6",
        "commit": "83067433f511bc13a11ae8c87e9a4d331256915e"
      }
    }
  }
}
